
Microsoft Visual Studio Solution File, Format Version 12.00
# Visual Studio Version 16
VisualStudioVersion = 16.0.29806.167
MinimumVisualStudioVersion = 10.0.40219.1
Project("{FAE04EC0-301F-11D3-BF4B-00C04F79EFBC}") = "Projekt2", "Projekt2\Projekt2.csproj", "{0EEB06ED-C6AD-477F-917B-29AE7DD8E661}"
EndProject
Global
	GlobalSection(SolutionConfigurationPlatforms) = preSolution
		Debug|Any CPU = Debug|Any CPU
		Release|Any CPU = Release|Any CPU
	EndGlobalSection
	GlobalSection(ProjectConfigurationPlatforms) = postSolution
		{0EEB06ED-C6AD-477F-917B-29AE7DD8E661}.Debug|Any CPU.ActiveCfg = Debug|Any CPU
		{0EEB06ED-C6AD-477F-917B-29AE7DD8E661}.Debug|Any CPU.Build.0 = Debug|Any CPU
		{0EEB06ED-C6AD-477F-917B-29AE7DD8E661}.Release|Any CPU.ActiveCfg = Release|Any CPU
		{0EEB06ED-C6AD-477F-917B-29AE7DD8E661}.Release|Any CPU.Build.0 = Release|Any CPU
	EndGlobalSection
	GlobalSection(SolutionProperties) = preSolution
		HideSolutionNode = FALSE
	EndGlobalSection
	GlobalSection(ExtensibilityGlobals) = postSolution
		SolutionGuid = {586613C0-B061-4B17-A231-5CD21A328860}
	EndGlobalSection
EndGlobal
